
Microsoft Visual Studio Solution File, Format Version 12.00
# Visual Studio Version 17
VisualStudioVersion = 17.0.31919.166
MinimumVisualStudioVersion = 10.0.40219.1
Project("{FAE04EC0-301F-11D3-BF4B-00C04F79EFBC}") = "FirstSimpleChatApp", "FirstSimpleChatApp\FirstSimpleChatApp.csproj", "{19AC0EB4-AFD2-40C3-BC74-61CEC0649B08}"
EndProject
Global
	GlobalSection(SolutionConfigurationPlatforms) = preSolution
		Debug|Any CPU = Debug|Any CPU
		Release|Any CPU = Release|Any CPU
	EndGlobalSection
	GlobalSection(ProjectConfigurationPlatforms) = postSolution
		{19AC0EB4-AFD2-40C3-BC74-61CEC0649B08}.Debug|Any CPU.ActiveCfg = Debug|Any CPU
		{19AC0EB4-AFD2-40C3-BC74-61CEC0649B08}.Debug|Any CPU.Build.0 = Debug|Any CPU
		{19AC0EB4-AFD2-40C3-BC74-61CEC0649B08}.Release|Any CPU.ActiveCfg = Release|Any CPU
		{19AC0EB4-AFD2-40C3-BC74-61CEC0649B08}.Release|Any CPU.Build.0 = Release|Any CPU
	EndGlobalSection
	GlobalSection(SolutionProperties) = preSolution
		HideSolutionNode = FALSE
	EndGlobalSection
	GlobalSection(ExtensibilityGlobals) = postSolution
		SolutionGuid = {E6A5C396-9FBF-4CA5-B4E3-C7930DDFE9E1}
	EndGlobalSection
EndGlobal
